
Microsoft Visual Studio Solution File, Format Version 12.00
# Visual Studio Version 17
VisualStudioVersion = 17.14.36616.10 d17.14
MinimumVisualStudioVersion = 10.0.40219.1
Project("{FAE04EC0-301F-11D3-BF4B-00C04F79EFBC}") = "Sitting", "Sitting.csproj", "{CC961FD2-1FE7-4EDD-BB8D-B9EDBF065DE3}"
EndProject
Global
	GlobalSection(SolutionConfigurationPlatforms) = preSolution
		Debug|Any CPU = Debug|Any CPU
		Release|Any CPU = Release|Any CPU
	EndGlobalSection
	GlobalSection(ProjectConfigurationPlatforms) = postSolution
		{CC961FD2-1FE7-4EDD-BB8D-B9EDBF065DE3}.Debug|Any CPU.ActiveCfg = Debug|Any CPU
		{CC961FD2-1FE7-4EDD-BB8D-B9EDBF065DE3}.Debug|Any CPU.Build.0 = Debug|Any CPU
		{CC961FD2-1FE7-4EDD-BB8D-B9EDBF065DE3}.Release|Any CPU.ActiveCfg = Release|Any CPU
		{CC961FD2-1FE7-4EDD-BB8D-B9EDBF065DE3}.Release|Any CPU.Build.0 = Release|Any CPU
	EndGlobalSection
	GlobalSection(SolutionProperties) = preSolution
		HideSolutionNode = FALSE
	EndGlobalSection
	GlobalSection(ExtensibilityGlobals) = postSolution
		SolutionGuid = {B11BBB74-BDAE-448E-BF04-24A146B25E43}
	EndGlobalSection
EndGlobal
